{
  "version": 4,
  "terraform_version": "1.14.7",
  "serial": 19,
  "lineage": "b6e27c0f-4b61-baf1-8931-962394bdce8b",
  "outputs": {
    "iam_role_instance_minimal_arn": {
      "value": "arn:aws:iam::865509656639:role/tf-core-lab03-iamrole-instance-minimal",
      "type": "string"
    },
    "iam_role_instance_minimal_name": {
      "value": "tf-core-lab03-iamrole-instance-minimal",
      "type": "string"
    },
    "instance_minimal_id": {
      "value": "i-013aab471b5f3d179",
      "type": "string"
    },
    "instance_minimal_public_ip": {
      "value": "13.125.40.18",
      "type": "string"
    }
  },
  "resources": [
    {
      "mode": "managed",
      "type": "aws_iam_instance_profile",
      "name": "instance_minimal",
      "provider": "provider[\"registry.terraform.io/hashicorp/aws\"]",
      "instances": [
        {
          "schema_version": 0,
          "attributes": {
            "arn": "arn:aws:iam::865509656639:instance-profile/tf-core-lab03-iamprofile-instance-minimal",
            "create_date": "2026-04-14T02:44:20Z",
            "id": "tf-core-lab03-iamprofile-instance-minimal",
            "name": "tf-core-lab03-iamprofile-instance-minimal",
            "name_prefix": "",
            "path": "/",
            "role": "tf-core-lab03-iamrole-instance-minimal",
            "tags": {
              "Name": "tf-core-lab03-iamprofile-instance-minimal"
            },
            "tags_all": {
              "ManagedBy": "Terraform",
              "Name": "tf-core-lab03-iamprofile-instance-minimal",
              "Project": "tf-core-lab03"
            },
            "unique_id": "AIPA4TBDFJA7VGTYOBKZO"
          },
          "sensitive_attributes": [],
          "identity_schema_version": 0,
          "identity": {
            "account_id": "865509656639",
            "name": "tf-core-lab03-iamprofile-instance-minimal"
          },
          "private": "bnVsbA==",
          "dependencies": [
            "aws_iam_role.instance_minimal"
          ]
        }
      ]
    },
    {
      "mode": "managed",
      "type": "aws_iam_role",
      "name": "instance_minimal",
      "provider": "provider[\"registry.terraform.io/hashicorp/aws\"]",
      "instances": [
        {
          "schema_version": 0,
          "attributes": {
            "arn": "arn:aws:iam::865509656639:role/tf-core-lab03-iamrole-instance-minimal",
            "assume_role_policy": "{\"Statement\":[{\"Action\":\"sts:AssumeRole\",\"Effect\":\"Allow\",\"Principal\":{\"Service\":\"ec2.amazonaws.com\"}}],\"Version\":\"2012-10-17\"}",
            "create_date": "2026-04-14T02:44:18Z",
            "description": "",
            "force_detach_policies": false,
            "id": "tf-core-lab03-iamrole-instance-minimal",
            "inline_policy": [],
            "managed_policy_arns": [],
            "max_session_duration": 3600,
            "name": "tf-core-lab03-iamrole-instance-minimal",
            "name_prefix": "",
            "path": "/",
            "permissions_boundary": "",
            "tags": {
              "Name": "tf-core-lab03-iamrole-instance-minimal"
            },
            "tags_all": {
              "ManagedBy": "Terraform",
              "Name": "tf-core-lab03-iamrole-instance-minimal",
              "Project": "tf-core-lab03"
            },
            "unique_id": "AROA4TBDFJA7XK6CUQ2ZT"
          },
          "sensitive_attributes": [],
          "identity_schema_version": 0,
          "identity": {
            "account_id": "865509656639",
            "name": "tf-core-lab03-iamrole-instance-minimal"
          },
          "private": "bnVsbA=="
        }
      ]
    },
    {
      "mode": "managed",
      "type": "aws_iam_role_policy_attachment",
      "name": "instance_minimal_ssm",
      "provider": "provider[\"registry.terraform.io/hashicorp/aws\"]",
      "instances": [
        {
          "schema_version": 0,
          "attributes": {
            "id": "tf-core-lab03-iamrole-instance-minimal/arn:aws:iam::aws:policy/AmazonSSMManagedInstanceCore",
            "policy_arn": "arn:aws:iam::aws:policy/AmazonSSMManagedInstanceCore",
            "role": "tf-core-lab03-iamrole-instance-minimal"
          },
          "sensitive_attributes": [],
          "identity_schema_version": 0,
          "identity": {
            "account_id": "865509656639",
            "policy_arn": "arn:aws:iam::aws:policy/AmazonSSMManagedInstanceCore",
            "role": "tf-core-lab03-iamrole-instance-minimal"
          },
          "private": "bnVsbA==",
          "dependencies": [
            "aws_iam_role.instance_minimal"
          ]
        }
      ]
    },
    {
      "mode": "managed",
      "type": "aws_instance",
      "name": "minimal",
      "provider": "provider[\"registry.terraform.io/hashicorp/aws\"]",
      "instances": [
        {
          "schema_version": 2,
          "attributes": {
            "ami": "ami-0c003e98ceffee43e",
            "arn": "arn:aws:ec2:ap-northeast-2:865509656639:instance/i-013aab471b5f3d179",
            "associate_public_ip_address": true,
            "availability_zone": "ap-northeast-2c",
            "capacity_reservation_specification": [
              {
                "capacity_reservation_preference": "open",
                "capacity_reservation_target": []
              }
            ],
            "cpu_options": [
              {
                "amd_sev_snp": "",
                "core_count": 1,
                "nested_virtualization": "",
                "threads_per_core": 2
              }
            ],
            "credit_specification": [
              {
                "cpu_credits": "unlimited"
              }
            ],
            "disable_api_stop": false,
            "disable_api_termination": false,
            "ebs_block_device": [],
            "ebs_optimized": false,
            "enable_primary_ipv6": null,
            "enclave_options": [
              {
                "enabled": false
              }
            ],
            "ephemeral_block_device": [],
            "force_destroy": false,
            "get_password_data": false,
            "hibernation": false,
            "host_id": "",
            "host_resource_group_arn": null,
            "iam_instance_profile": "tf-core-lab03-iamprofile-instance-minimal",
            "id": "i-013aab471b5f3d179",
            "instance_initiated_shutdown_behavior": "stop",
            "instance_lifecycle": "",
            "instance_market_options": [],
            "instance_state": "running",
            "instance_type": "t3.micro",
            "ipv6_address_count": 0,
            "ipv6_addresses": [],
            "key_name": "",
            "launch_template": [],
            "maintenance_options": [
              {
                "auto_recovery": "default"
              }
            ],
            "metadata_options": [
              {
                "http_endpoint": "enabled",
                "http_protocol_ipv6": "disabled",
                "http_put_response_hop_limit": 2,
                "http_tokens": "required",
                "instance_metadata_tags": "disabled"
              }
            ],
            "monitoring": false,
            "network_interface": [],
            "outpost_arn": "",
            "password_data": "",
            "placement_group": "",
            "placement_group_id": "",
            "placement_partition_number": 0,
            "primary_network_interface": [
              {
                "delete_on_termination": true,
                "network_interface_id": "eni-04426554be1f6ce19"
              }
            ],
            "primary_network_interface_id": "eni-04426554be1f6ce19",
            "private_dns": "ip-172-31-43-44.ap-northeast-2.compute.internal",
            "private_dns_name_options": [
              {
                "enable_resource_name_dns_a_record": false,
                "enable_resource_name_dns_aaaa_record": false,
                "hostname_type": "ip-name"
              }
            ],
            "private_ip": "172.31.43.44",
            "public_dns": "ec2-13-125-40-18.ap-northeast-2.compute.amazonaws.com",
            "public_ip": "13.125.40.18",
            "region": "ap-northeast-2",
            "root_block_device": [
              {
                "delete_on_termination": true,
                "device_name": "/dev/xvda",
                "encrypted": false,
                "iops": 3000,
                "kms_key_id": "",
                "tags": {
                  "ManagedBy": "Terraform",
                  "Project": "tf-core-lab03"
                },
                "tags_all": {
                  "ManagedBy": "Terraform",
                  "Project": "tf-core-lab03"
                },
                "throughput": 125,
                "volume_id": "vol-0c3b641aad935ac08",
                "volume_size": 8,
                "volume_type": "gp3"
              }
            ],
            "secondary_network_interface": [],
            "secondary_private_ips": [],
            "security_groups": [
              "tf-core-lab03-sg-instance-minimal"
            ],
            "source_dest_check": true,
            "spot_instance_request_id": "",
            "subnet_id": "subnet-0142a990b862ecfbb",
            "tags": {
              "Name": "tf-core-lab03-instance-minimal"
            },
            "tags_all": {
              "ManagedBy": "Terraform",
              "Name": "tf-core-lab03-instance-minimal",
              "Project": "tf-core-lab03"
            },
            "tenancy": "default",
            "timeouts": null,
            "user_data": null,
            "user_data_base64": null,
            "user_data_replace_on_change": false,
            "volume_tags": null,
            "vpc_security_group_ids": [
              "sg-0f7ba2bfaca5deec6"
            ]
          },
          "sensitive_attributes": [],
          "identity_schema_version": 0,
          "identity": {
            "account_id": "865509656639",
            "id": "i-013aab471b5f3d179",
            "region": "ap-northeast-2"
          },
          "private": "eyJlMmJmYjczMC1lY2FhLTExZTYtOGY4OC0zNDM2M2JjN2M0YzAiOnsiY3JlYXRlIjo2MDAwMDAwMDAwMDAsImRlbGV0ZSI6MTIwMDAwMDAwMDAwMCwicmVhZCI6OTAwMDAwMDAwMDAwLCJ1cGRhdGUiOjYwMDAwMDAwMDAwMH0sInNjaGVtYV92ZXJzaW9uIjoiMiJ9",
          "dependencies": [
            "aws_iam_instance_profile.instance_minimal",
            "aws_iam_role.instance_minimal",
            "aws_iam_role_policy_attachment.instance_minimal_ssm",
            "aws_security_group.instance_minimal"
          ]
        }
      ]
    },
    {
      "mode": "managed",
      "type": "aws_security_group",
      "name": "instance_minimal",
      "provider": "provider[\"registry.terraform.io/hashicorp/aws\"]",
      "instances": [
        {
          "schema_version": 1,
          "attributes": {
            "arn": "arn:aws:ec2:ap-northeast-2:865509656639:security-group/sg-0f7ba2bfaca5deec6",
            "description": "Managed by Terraform",
            "egress": [
              {
                "cidr_blocks": [
                  "0.0.0.0/0"
                ],
                "description": "",
                "from_port": 0,
                "ipv6_cidr_blocks": [],
                "prefix_list_ids": [],
                "protocol": "-1",
                "security_groups": [],
                "self": false,
                "to_port": 0
              }
            ],
            "id": "sg-0f7ba2bfaca5deec6",
            "ingress": [],
            "name": "tf-core-lab03-sg-instance-minimal",
            "name_prefix": "",
            "owner_id": "865509656639",
            "region": "ap-northeast-2",
            "revoke_rules_on_delete": false,
            "tags": {
              "Name": "tf-core-lab03-sg-instance-minimal"
            },
            "tags_all": {
              "ManagedBy": "Terraform",
              "Name": "tf-core-lab03-sg-instance-minimal",
              "Project": "tf-core-lab03"
            },
            "timeouts": null,
            "vpc_id": "vpc-014a6f114e580e2e9"
          },
          "sensitive_attributes": [],
          "identity_schema_version": 0,
          "identity": {
            "account_id": "865509656639",
            "id": "sg-0f7ba2bfaca5deec6",
            "region": "ap-northeast-2"
          },
          "private": "eyJlMmJmYjczMC1lY2FhLTExZTYtOGY4OC0zNDM2M2JjN2M0YzAiOnsiY3JlYXRlIjo2MDAwMDAwMDAwMDAsImRlbGV0ZSI6OTAwMDAwMDAwMDAwfSwic2NoZW1hX3ZlcnNpb24iOiIxIn0="
        }
      ]
    }
  ],
  "check_results": null
}
