{
  "version": 4,
  "terraform_version": "1.14.7",
  "serial": 2,
  "lineage": "2e153ba3-26a0-eac0-3751-4b5ac53c7247",
  "outputs": {
    "sg_id": {
      "value": "sg-063a577cc7c96856f",
      "type": "string"
    },
    "sg_name": {
      "value": "web",
      "type": "string"
    }
  },
  "resources": [
    {
      "mode": "managed",
      "type": "aws_security_group",
      "name": "web",
      "provider": "provider[\"registry.terraform.io/hashicorp/aws\"]",
      "instances": [
        {
          "schema_version": 1,
          "attributes": {
            "arn": "arn:aws:ec2:ap-northeast-2:865509656639:security-group/sg-063a577cc7c96856f",
            "description": "lab01 security group",
            "egress": [],
            "id": "sg-063a577cc7c96856f",
            "ingress": [],
            "name": "web",
            "name_prefix": "",
            "owner_id": "865509656639",
            "region": "ap-northeast-2",
            "revoke_rules_on_delete": false,
            "tags": null,
            "tags_all": {},
            "timeouts": null,
            "vpc_id": "vpc-014a6f114e580e2e9"
          },
          "sensitive_attributes": [],
          "identity_schema_version": 0,
          "identity": {
            "account_id": "865509656639",
            "id": "sg-063a577cc7c96856f",
            "region": "ap-northeast-2"
          },
          "private": "eyJlMmJmYjczMC1lY2FhLTExZTYtOGY4OC0zNDM2M2JjN2M0YzAiOnsiY3JlYXRlIjo2MDAwMDAwMDAwMDAsImRlbGV0ZSI6OTAwMDAwMDAwMDAwfSwic2NoZW1hX3ZlcnNpb24iOiIxIn0="
        }
      ]
    }
  ],
  "check_results": null
}
