{
  "version": 4,
  "terraform_version": "1.14.7",
  "serial": 2,
  "lineage": "a798c5df-b429-3795-b605-4cd309b20c23",
  "outputs": {
    "sg": {
      "value": {
        "id": "sg-0666cde056680a026",
        "name": "tf-core-lab02-sg"
      },
      "type": [
        "object",
        {
          "id": "string",
          "name": "string"
        }
      ]
    }
  },
  "resources": [
    {
      "mode": "managed",
      "type": "aws_security_group",
      "name": "this",
      "provider": "provider[\"registry.terraform.io/hashicorp/aws\"]",
      "instances": [
        {
          "schema_version": 1,
          "attributes": {
            "arn": "arn:aws:ec2:ap-northeast-2:865509656639:security-group/sg-0666cde056680a026",
            "description": "Managed by Terraform",
            "egress": [
              {
                "cidr_blocks": [
                  "0.0.0.0/0"
                ],
                "description": "",
                "from_port": 0,
                "ipv6_cidr_blocks": [],
                "prefix_list_ids": [],
                "protocol": "-1",
                "security_groups": [],
                "self": false,
                "to_port": 0
              }
            ],
            "id": "sg-0666cde056680a026",
            "ingress": [],
            "name": "tf-core-lab02-sg",
            "name_prefix": "",
            "owner_id": "865509656639",
            "region": "ap-northeast-2",
            "revoke_rules_on_delete": false,
            "tags": {
              "Name": "tf-core-lab02-sg"
            },
            "tags_all": {
              "ManagedBy": "Terraform",
              "Name": "tf-core-lab02-sg",
              "Organization": "tf-core",
              "Project": "lab02"
            },
            "timeouts": null,
            "vpc_id": "vpc-014a6f114e580e2e9"
          },
          "sensitive_attributes": [],
          "identity_schema_version": 0,
          "identity": {
            "account_id": "865509656639",
            "id": "sg-0666cde056680a026",
            "region": "ap-northeast-2"
          },
          "private": "eyJlMmJmYjczMC1lY2FhLTExZTYtOGY4OC0zNDM2M2JjN2M0YzAiOnsiY3JlYXRlIjo2MDAwMDAwMDAwMDAsImRlbGV0ZSI6OTAwMDAwMDAwMDAwfSwic2NoZW1hX3ZlcnNpb24iOiIxIn0="
        }
      ]
    }
  ],
  "check_results": null
}
