{
  "version": 4,
  "terraform_version": "1.14.7",
  "serial": 10,
  "lineage": "dd721ab2-93d5-841f-e596-db27c4d2b997",
  "outputs": {
    "sg_instance_id": {
      "value": "sg-013ccedd60e666a4b",
      "type": "string"
    },
    "sg_instance_name": {
      "value": "tf-core-lab01-sg-instance",
      "type": "string"
    },
    "sg_instance_tags_all": {
      "value": {
        "ManagedBy": "Terraform",
        "Name": "tf-core-lab01-sg-instance",
        "Organization": "tf-core",
        "Project": "lab01"
      },
      "type": [
        "map",
        "string"
      ]
    }
  },
  "resources": [
    {
      "mode": "managed",
      "type": "aws_security_group",
      "name": "instance",
      "provider": "provider[\"registry.terraform.io/hashicorp/aws\"]",
      "instances": [
        {
          "schema_version": 1,
          "attributes": {
            "arn": "arn:aws:ec2:ap-northeast-2:865509656639:security-group/sg-013ccedd60e666a4b",
            "description": "tf-core-lab01 security group for ec2 instance",
            "egress": [
              {
                "cidr_blocks": [
                  "0.0.0.0/0"
                ],
                "description": "",
                "from_port": 0,
                "ipv6_cidr_blocks": [],
                "prefix_list_ids": [],
                "protocol": "-1",
                "security_groups": [],
                "self": false,
                "to_port": 0
              }
            ],
            "id": "sg-013ccedd60e666a4b",
            "ingress": [
              {
                "cidr_blocks": [
                  "0.0.0.0/0"
                ],
                "description": "",
                "from_port": 22,
                "ipv6_cidr_blocks": [],
                "prefix_list_ids": [],
                "protocol": "tcp",
                "security_groups": [],
                "self": false,
                "to_port": 22
              }
            ],
            "name": "tf-core-lab01-sg-instance",
            "name_prefix": "",
            "owner_id": "865509656639",
            "region": "ap-northeast-2",
            "revoke_rules_on_delete": false,
            "tags": {
              "Name": "tf-core-lab01-sg-instance"
            },
            "tags_all": {
              "ManagedBy": "Terraform",
              "Name": "tf-core-lab01-sg-instance",
              "Organization": "tf-core",
              "Project": "lab01"
            },
            "timeouts": null,
            "vpc_id": "vpc-014a6f114e580e2e9"
          },
          "sensitive_attributes": [],
          "identity_schema_version": 0,
          "identity": {
            "account_id": "865509656639",
            "id": "sg-013ccedd60e666a4b",
            "region": "ap-northeast-2"
          },
          "private": "eyJlMmJmYjczMC1lY2FhLTExZTYtOGY4OC0zNDM2M2JjN2M0YzAiOnsiY3JlYXRlIjo2MDAwMDAwMDAwMDAsImRlbGV0ZSI6OTAwMDAwMDAwMDAwfSwic2NoZW1hX3ZlcnNpb24iOiIxIn0="
        }
      ]
    }
  ],
  "check_results": null
}
